
Microsoft Visual Studio Solution File, Format Version 12.00
# Visual Studio Version 17
VisualStudioVersion = 17.7.34031.279
MinimumVisualStudioVersion = 10.0.40219.1
Project("{FAE04EC0-301F-11D3-BF4B-00C04F79EFBC}") = "assignment2", "assignment2\assignment2.csproj", "{9FC0454B-2E9F-4466-93AC-6777018DA5D5}"
EndProject
Global
	GlobalSection(SolutionConfigurationPlatforms) = preSolution
		Debug|Any CPU = Debug|Any CPU
		Release|Any CPU = Release|Any CPU
	EndGlobalSection
	GlobalSection(ProjectConfigurationPlatforms) = postSolution
		{9FC0454B-2E9F-4466-93AC-6777018DA5D5}.Debug|Any CPU.ActiveCfg = Debug|Any CPU
		{9FC0454B-2E9F-4466-93AC-6777018DA5D5}.Debug|Any CPU.Build.0 = Debug|Any CPU
		{9FC0454B-2E9F-4466-93AC-6777018DA5D5}.Release|Any CPU.ActiveCfg = Release|Any CPU
		{9FC0454B-2E9F-4466-93AC-6777018DA5D5}.Release|Any CPU.Build.0 = Release|Any CPU
	EndGlobalSection
	GlobalSection(SolutionProperties) = preSolution
		HideSolutionNode = FALSE
	EndGlobalSection
	GlobalSection(ExtensibilityGlobals) = postSolution
		SolutionGuid = {F5FDC8AB-EB5E-46B6-A28C-EAA1974CDFA5}
	EndGlobalSection
EndGlobal
